
Microsoft Visual Studio Solution File, Format Version 12.00
# Visual Studio Version 16
VisualStudioVersion = 16.0.31313.79
MinimumVisualStudioVersion = 10.0.40219.1
Project("{9A19103F-16F7-4668-BE54-9A1E7A4F7556}") = "VersionCreator", "VersionCreator.csproj", "{11BC4625-4943-4CFB-8A01-2162BC8D3653}"
EndProject
Global
	GlobalSection(SolutionConfigurationPlatforms) = preSolution
		Debug|Any CPU = Debug|Any CPU
		Debug|x64 = Debug|x64
		Release|Any CPU = Release|Any CPU
		Release|x64 = Release|x64
	EndGlobalSection
	GlobalSection(ProjectConfigurationPlatforms) = postSolution
		{11BC4625-4943-4CFB-8A01-2162BC8D3653}.Debug|Any CPU.ActiveCfg = Debug|Any CPU
		{11BC4625-4943-4CFB-8A01-2162BC8D3653}.Debug|Any CPU.Build.0 = Debug|Any CPU
		{11BC4625-4943-4CFB-8A01-2162BC8D3653}.Debug|x64.ActiveCfg = Debug|x64
		{11BC4625-4943-4CFB-8A01-2162BC8D3653}.Debug|x64.Build.0 = Debug|x64
		{11BC4625-4943-4CFB-8A01-2162BC8D3653}.Release|Any CPU.ActiveCfg = Release|Any CPU
		{11BC4625-4943-4CFB-8A01-2162BC8D3653}.Release|Any CPU.Build.0 = Release|Any CPU
		{11BC4625-4943-4CFB-8A01-2162BC8D3653}.Release|x64.ActiveCfg = Debug|x64
		{11BC4625-4943-4CFB-8A01-2162BC8D3653}.Release|x64.Build.0 = Debug|x64
	EndGlobalSection
	GlobalSection(SolutionProperties) = preSolution
		HideSolutionNode = FALSE
	EndGlobalSection
	GlobalSection(ExtensibilityGlobals) = postSolution
		SolutionGuid = {7C2B1E37-E3C5-4A4F-86EC-668C774E4E2D}
	EndGlobalSection
EndGlobal
